// !$*UTF8*$!
{
	archiveVersion = 1;
	classes = {
	};
	objectVersion = 46;
	objects = {

/* Begin PBXBuildFile section */
		0F920C9A1F08A5A000DD911C /* ZZContactsViewController.swift in Sources */ = {isa = PBXBuildFile; fileRef = 0F920C991F08A5A000DD911C /* ZZContactsViewController.swift */; };
		0F920C9C1F08A5D600DD911C /* ZZDiscoverViewController.swift in Sources */ = {isa = PBXBuildFile; fileRef = 0F920C9B1F08A5D600DD911C /* ZZDiscoverViewController.swift */; };
		0F920C9E1F08A5F900DD911C /* ZZMeViewController.swift in Sources */ = {isa = PBXBuildFile; fileRef = 0F920C9D1F08A5F900DD911C /* ZZMeViewController.swift */; };
		0F920CA21F0939A500DD911C /* ZZWeChatMessageModel.swift in Sources */ = {isa = PBXBuildFile; fileRef = 0F920CA11F0939A500DD911C /* ZZWeChatMessageModel.swift */; };
		0F920CA41F093D8900DD911C /* ZZWeChatMessageEnum.swift in Sources */ = {isa = PBXBuildFile; fileRef = 0F920CA31F093D8900DD911C /* ZZWeChatMessageEnum.swift */; };
		0F985E0D1F03E1320082C3AA /* AppDelegate.swift in Sources */ = {isa = PBXBuildFile; fileRef = 0F985E0C1F03E1320082C3AA /* AppDelegate.swift */; };
		0F985E141F03E1320082C3AA /* Assets.xcassets in Resources */ = {isa = PBXBuildFile; fileRef = 0F985E131F03E1320082C3AA /* Assets.xcassets */; };
		0F985E221F03E1320082C3AA /* WeChatTests.swift in Sources */ = {isa = PBXBuildFile; fileRef = 0F985E211F03E1320082C3AA /* WeChatTests.swift */; };
		0F985E2D1F03E1320082C3AA /* WeChatUITests.swift in Sources */ = {isa = PBXBuildFile; fileRef = 0F985E2C1F03E1320082C3AA /* WeChatUITests.swift */; };
		0F985E3C1F03E3CF0082C3AA /* ZZTabBarController.swift in Sources */ = {isa = PBXBuildFile; fileRef = 0F985E3B1F03E3CF0082C3AA /* ZZTabBarController.swift */; };
		0FC401701F0B469D001E84F4 /* UIBarButtonItem+Block.swift in Sources */ = {isa = PBXBuildFile; fileRef = 0FC4016F1F0B469D001E84F4 /* UIBarButtonItem+Block.swift */; };
		0FD9C3331F04DBCC007D3666 /* ZZUIImage+Wechat.swift in Sources */ = {isa = PBXBuildFile; fileRef = 0FD9C3321F04DBCC007D3666 /* ZZUIImage+Wechat.swift */; };
		0FD9C3361F04DCC3007D3666 /* Media.xcassets in Resources */ = {isa = PBXBuildFile; fileRef = 0FD9C3351F04DCC3007D3666 /* Media.xcassets */; };
		0FD9C34C1F04F21A007D3666 /* ZZWeChatViewController.swift in Sources */ = {isa = PBXBuildFile; fileRef = 0FD9C34B1F04F21A007D3666 /* ZZWeChatViewController.swift */; };
		0FD9C34E1F04F63F007D3666 /* ZZUIColor+WeChat.swift in Sources */ = {isa = PBXBuildFile; fileRef = 0FD9C34D1F04F63F007D3666 /* ZZUIColor+WeChat.swift */; };
		F6475B15F4168E709ABC5907 /* Pods_WeChat.framework in Frameworks */ = {isa = PBXBuildFile; fileRef = 34656C71F27B432FDE66D631 /* Pods_WeChat.framework */; };
/* End PBXBuildFile section */

/* Begin PBXContainerItemProxy section */
		0F985E1E1F03E1320082C3AA /* PBXContainerItemProxy */ = {
			isa = PBXContainerItemProxy;
			containerPortal = 0F985E011F03E1320082C3AA /* Project object */;
			proxyType = 1;
			remoteGlobalIDString = 0F985E081F03E1320082C3AA;
			remoteInfo = WeChat;
		};
		0F985E291F03E1320082C3AA /* PBXContainerItemProxy */ = {
			isa = PBXContainerItemProxy;
			containerPortal = 0F985E011F03E1320082C3AA /* Project object */;
			proxyType = 1;
			remoteGlobalIDString = 0F985E081F03E1320082C3AA;
			remoteInfo = WeChat;
		};
/* End PBXContainerItemProxy section */

/* Begin PBXFileReference section */
		0F920C991F08A5A000DD911C /* ZZContactsViewController.swift */ = {isa = PBXFileReference; fileEncoding = 4; lastKnownFileType = sourcecode.swift; path = ZZContactsViewController.swift; sourceTree = "<group>"; };
		0F920C9B1F08A5D600DD911C /* ZZDiscoverViewController.swift */ = {isa = PBXFileReference; fileEncoding = 4; lastKnownFileType = sourcecode.swift; path = ZZDiscoverViewController.swift; sourceTree = "<group>"; };
		0F920C9D1F08A5F900DD911C /* ZZMeViewController.swift */ = {isa = PBXFileReference; fileEncoding = 4; lastKnownFileType = sourcecode.swift; path = ZZMeViewController.swift; sourceTree = "<group>"; };
		0F920C9F1F08B64500DD911C /* UIKit.framework */ = {isa = PBXFileReference; lastKnownFileType = wrapper.framework; name = UIKit.framework; path = System/Library/Frameworks/UIKit.framework; sourceTree = SDKROOT; };
		0F920CA11F0939A500DD911C /* ZZWeChatMessageModel.swift */ = {isa = PBXFileReference; fileEncoding = 4; lastKnownFileType = sourcecode.swift; path = ZZWeChatMessageModel.swift; sourceTree = "<group>"; };
		0F920CA31F093D8900DD911C /* ZZWeChatMessageEnum.swift */ = {isa = PBXFileReference; fileEncoding = 4; lastKnownFileType = sourcecode.swift; path = ZZWeChatMessageEnum.swift; sourceTree = "<group>"; };
		0F985E091F03E1320082C3AA /* WeChat.app */ = {isa = PBXFileReference; explicitFileType = wrapper.application; includeInIndex = 0; path = WeChat.app; sourceTree = BUILT_PRODUCTS_DIR; };
		0F985E0C1F03E1320082C3AA /* AppDelegate.swift */ = {isa = PBXFileReference; lastKnownFileType = sourcecode.swift; path = AppDelegate.swift; sourceTree = "<group>"; };
		0F985E131F03E1320082C3AA /* Assets.xcassets */ = {isa = PBXFileReference; lastKnownFileType = folder.assetcatalog; name = Assets.xcassets; path = ../Assets.xcassets; sourceTree = "<group>"; };
		0F985E181F03E1320082C3AA /* Info.plist */ = {isa = PBXFileReference; lastKnownFileType = text.plist.xml; path = Info.plist; sourceTree = "<group>"; };
		0F985E1D1F03E1320082C3AA /* WeChatTests.xctest */ = {isa = PBXFileReference; explicitFileType = wrapper.cfbundle; includeInIndex = 0; path = WeChatTests.xctest; sourceTree = BUILT_PRODUCTS_DIR; };
		0F985E211F03E1320082C3AA /* WeChatTests.swift */ = {isa = PBXFileReference; lastKnownFileType = sourcecode.swift; path = WeChatTests.swift; sourceTree = "<group>"; };
		0F985E231F03E1320082C3AA /* Info.plist */ = {isa = PBXFileReference; lastKnownFileType = text.plist.xml; path = Info.plist; sourceTree = "<group>"; };
		0F985E281F03E1320082C3AA /* WeChatUITests.xctest */ = {isa = PBXFileReference; explicitFileType = wrapper.cfbundle; includeInIndex = 0; path = WeChatUITests.xctest; sourceTree = BUILT_PRODUCTS_DIR; };
		0F985E2C1F03E1320082C3AA /* WeChatUITests.swift */ = {isa = PBXFileReference; lastKnownFileType = sourcecode.swift; path = WeChatUITests.swift; sourceTree = "<group>"; };
		0F985E2E1F03E1320082C3AA /* Info.plist */ = {isa = PBXFileReference; lastKnownFileType = text.plist.xml; path = Info.plist; sourceTree = "<group>"; };
		0F985E3B1F03E3CF0082C3AA /* ZZTabBarController.swift */ = {isa = PBXFileReference; fileEncoding = 4; lastKnownFileType = sourcecode.swift; path = ZZTabBarController.swift; sourceTree = "<group>"; };
		0FC4016F1F0B469D001E84F4 /* UIBarButtonItem+Block.swift */ = {isa = PBXFileReference; fileEncoding = 4; lastKnownFileType = sourcecode.swift; path = "UIBarButtonItem+Block.swift"; sourceTree = "<group>"; };
		0FD9C3321F04DBCC007D3666 /* ZZUIImage+Wechat.swift */ = {isa = PBXFileReference; fileEncoding = 4; lastKnownFileType = sourcecode.swift; path = "ZZUIImage+Wechat.swift"; sourceTree = "<group>"; };
		0FD9C3351F04DCC3007D3666 /* Media.xcassets */ = {isa = PBXFileReference; lastKnownFileType = folder.assetcatalog; path = Media.xcassets; sourceTree = "<group>"; };
		0FD9C34B1F04F21A007D3666 /* ZZWeChatViewController.swift */ = {isa = PBXFileReference; fileEncoding = 4; lastKnownFileType = sourcecode.swift; path = ZZWeChatViewController.swift; sourceTree = "<group>"; };
		0FD9C34D1F04F63F007D3666 /* ZZUIColor+WeChat.swift */ = {isa = PBXFileReference; fileEncoding = 4; lastKnownFileType = sourcecode.swift; path = "ZZUIColor+WeChat.swift"; sourceTree = "<group>"; };
		0FD9C34F1F0500AD007D3666 /* TimedSilver.framework */ = {isa = PBXFileReference; lastKnownFileType = wrapper.framework; name = TimedSilver.framework; path = "../../Library/Developer/Xcode/DerivedData/WeChat-fdyvahnttwmgclhavnepbrshobww/Build/Products/Debug-iphonesimulator/TimedSilver/TimedSilver.framework"; sourceTree = "<group>"; };
		0FD9C3511F05040F007D3666 /* Alamofire.framework */ = {isa = PBXFileReference; lastKnownFileType = wrapper.framework; name = Alamofire.framework; path = "../../Library/Developer/Xcode/DerivedData/WeChat-fdyvahnttwmgclhavnepbrshobww/Build/Products/Debug-iphonesimulator/Alamofire/Alamofire.framework"; sourceTree = "<group>"; };
		0FD9C3531F05041B007D3666 /* BSGridCollectionViewLayout.framework */ = {isa = PBXFileReference; lastKnownFileType = wrapper.framework; name = BSGridCollectionViewLayout.framework; path = "../../Library/Developer/Xcode/DerivedData/WeChat-fdyvahnttwmgclhavnepbrshobww/Build/Products/Debug-iphonesimulator/BSGridCollectionViewLayout/BSGridCollectionViewLayout.framework"; sourceTree = "<group>"; };
		0FD9C3541F05041B007D3666 /* BSImagePicker.framework */ = {isa = PBXFileReference; lastKnownFileType = wrapper.framework; name = BSImagePicker.framework; path = "../../Library/Developer/Xcode/DerivedData/WeChat-fdyvahnttwmgclhavnepbrshobww/Build/Products/Debug-iphonesimulator/BSImagePicker/BSImagePicker.framework"; sourceTree = "<group>"; };
		0FD9C3551F05041B007D3666 /* Cent.framework */ = {isa = PBXFileReference; lastKnownFileType = wrapper.framework; name = Cent.framework; path = "../../Library/Developer/Xcode/DerivedData/WeChat-fdyvahnttwmgclhavnepbrshobww/Build/Products/Debug-iphonesimulator/Cent/Cent.framework"; sourceTree = "<group>"; };
		0FD9C3561F05041B007D3666 /* Dollar.framework */ = {isa = PBXFileReference; lastKnownFileType = wrapper.framework; name = Dollar.framework; path = "../../Library/Developer/Xcode/DerivedData/WeChat-fdyvahnttwmgclhavnepbrshobww/Build/Products/Debug-iphonesimulator/Dollar/Dollar.framework"; sourceTree = "<group>"; };
		0FD9C3571F05041B007D3666 /* INTULocationManager.framework */ = {isa = PBXFileReference; lastKnownFileType = wrapper.framework; name = INTULocationManager.framework; path = "Pods/../build/Debug-iphoneos/INTULocationManager/INTULocationManager.framework"; sourceTree = "<group>"; };
		0FD9C3581F05041B007D3666 /* KeychainAccess.framework */ = {isa = PBXFileReference; lastKnownFileType = wrapper.framework; name = KeychainAccess.framework; path = "../../Library/Developer/Xcode/DerivedData/WeChat-fdyvahnttwmgclhavnepbrshobww/Build/Products/Debug-iphonesimulator/KeychainAccess/KeychainAccess.framework"; sourceTree = "<group>"; };
		0FD9C3591F05041B007D3666 /* Kingfisher.framework */ = {isa = PBXFileReference; lastKnownFileType = wrapper.framework; name = Kingfisher.framework; path = "../../Library/Developer/Xcode/DerivedData/WeChat-fdyvahnttwmgclhavnepbrshobww/Build/Products/Debug-iphonesimulator/Kingfisher/Kingfisher.framework"; sourceTree = "<group>"; };
		0FD9C35A1F05041B007D3666 /* ObjectMapper.framework */ = {isa = PBXFileReference; lastKnownFileType = wrapper.framework; name = ObjectMapper.framework; path = "../../Library/Developer/Xcode/DerivedData/WeChat-fdyvahnttwmgclhavnepbrshobww/Build/Products/Debug-iphonesimulator/ObjectMapper/ObjectMapper.framework"; sourceTree = "<group>"; };
		0FD9C35B1F05041B007D3666 /* RxBlocking.framework */ = {isa = PBXFileReference; lastKnownFileType = wrapper.framework; name = RxBlocking.framework; path = "../../Library/Developer/Xcode/DerivedData/WeChat-fdyvahnttwmgclhavnepbrshobww/Build/Products/Debug-iphonesimulator/RxBlocking/RxBlocking.framework"; sourceTree = "<group>"; };
		0FD9C35C1F05041B007D3666 /* RxCocoa.framework */ = {isa = PBXFileReference; lastKnownFileType = wrapper.framework; name = RxCocoa.framework; path = "../../Library/Developer/Xcode/DerivedData/WeChat-fdyvahnttwmgclhavnepbrshobww/Build/Products/Debug-iphonesimulator/RxCocoa/RxCocoa.framework"; sourceTree = "<group>"; };
		0FD9C35D1F05041B007D3666 /* RxSwift.framework */ = {isa = PBXFileReference; lastKnownFileType = wrapper.framework; name = RxSwift.framework; path = "../../Library/Developer/Xcode/DerivedData/WeChat-fdyvahnttwmgclhavnepbrshobww/Build/Products/Debug-iphonesimulator/RxSwift/RxSwift.framework"; sourceTree = "<group>"; };
		0FD9C35E1F05041B007D3666 /* SnapKit.framework */ = {isa = PBXFileReference; lastKnownFileType = wrapper.framework; name = SnapKit.framework; path = "../../Library/Developer/Xcode/DerivedData/WeChat-fdyvahnttwmgclhavnepbrshobww/Build/Products/Debug-iphonesimulator/SnapKit/SnapKit.framework"; sourceTree = "<group>"; };
		0FD9C35F1F05041B007D3666 /* SVProgressHUD.framework */ = {isa = PBXFileReference; lastKnownFileType = wrapper.framework; name = SVProgressHUD.framework; path = "Pods/../build/Debug-iphoneos/SVProgressHUD/SVProgressHUD.framework"; sourceTree = "<group>"; };
		0FD9C3601F05041B007D3666 /* SwiftyJSON.framework */ = {isa = PBXFileReference; lastKnownFileType = wrapper.framework; name = SwiftyJSON.framework; path = "../../Library/Developer/Xcode/DerivedData/WeChat-fdyvahnttwmgclhavnepbrshobww/Build/Products/Debug-iphonesimulator/SwiftyJSON/SwiftyJSON.framework"; sourceTree = "<group>"; };
		0FD9C3611F05041B007D3666 /* TSVoiceConverter.framework */ = {isa = PBXFileReference; lastKnownFileType = wrapper.framework; name = TSVoiceConverter.framework; path = "../../Library/Developer/Xcode/DerivedData/WeChat-fdyvahnttwmgclhavnepbrshobww/Build/Products/Debug-iphonesimulator/TSVoiceConverter/TSVoiceConverter.framework"; sourceTree = "<group>"; };
		0FD9C3621F05041B007D3666 /* UIColor_Hex_Swift.framework */ = {isa = PBXFileReference; lastKnownFileType = wrapper.framework; name = UIColor_Hex_Swift.framework; path = "../../Library/Developer/Xcode/DerivedData/WeChat-fdyvahnttwmgclhavnepbrshobww/Build/Products/Debug-iphonesimulator/UIColor_Hex_Swift/UIColor_Hex_Swift.framework"; sourceTree = "<group>"; };
		0FD9C3631F05041B007D3666 /* UIImageViewModeScaleAspect.framework */ = {isa = PBXFileReference; lastKnownFileType = wrapper.framework; name = UIImageViewModeScaleAspect.framework; path = "Pods/../build/Debug-iphoneos/UIImageViewModeScaleAspect/UIImageViewModeScaleAspect.framework"; sourceTree = "<group>"; };
		0FD9C3641F05041B007D3666 /* XCGLogger.framework */ = {isa = PBXFileReference; lastKnownFileType = wrapper.framework; name = XCGLogger.framework; path = "../../Library/Developer/Xcode/DerivedData/WeChat-fdyvahnttwmgclhavnepbrshobww/Build/Products/Debug-iphonesimulator/XCGLogger/XCGLogger.framework"; sourceTree = "<group>"; };
		0FD9C3651F05041B007D3666 /* XLActionController.framework */ = {isa = PBXFileReference; lastKnownFileType = wrapper.framework; name = XLActionController.framework; path = "../../Library/Developer/Xcode/DerivedData/WeChat-fdyvahnttwmgclhavnepbrshobww/Build/Products/Debug-iphonesimulator/XLActionController/XLActionController.framework"; sourceTree = "<group>"; };
		0FD9C3661F05041B007D3666 /* YYText.framework */ = {isa = PBXFileReference; lastKnownFileType = wrapper.framework; name = YYText.framework; path = "Pods/../build/Debug-iphoneos/YYText/YYText.framework"; sourceTree = "<group>"; };
		34656C71F27B432FDE66D631 /* Pods_WeChat.framework */ = {isa = PBXFileReference; explicitFileType = wrapper.framework; includeInIndex = 0; path = Pods_WeChat.framework; sourceTree = BUILT_PRODUCTS_DIR; };
		C77A03C288BDE9008263F2CD /* Pods-WeChat.release.xcconfig */ = {isa = PBXFileReference; includeInIndex = 1; lastKnownFileType = text.xcconfig; name = "Pods-WeChat.release.xcconfig"; path = "Pods/Target Support Files/Pods-WeChat/Pods-WeChat.release.xcconfig"; sourceTree = "<group>"; };
		C9DA479E2F701164CFAE4F6A /* Pods-WeChat.debug.xcconfig */ = {isa = PBXFileReference; includeInIndex = 1; lastKnownFileType = text.xcconfig; name = "Pods-WeChat.debug.xcconfig"; path = "Pods/Target Support Files/Pods-WeChat/Pods-WeChat.debug.xcconfig"; sourceTree = "<group>"; };
/* End PBXFileReference section */

/* Begin PBXFrameworksBuildPhase section */
		0F985E061F03E1320082C3AA /* Frameworks */ = {
			isa = PBXFrameworksBuildPhase;
			buildActionMask = 2147483647;
			files = (
				F6475B15F4168E709ABC5907 /* Pods_WeChat.framework in Frameworks */,
			);
			runOnlyForDeploymentPostprocessing = 0;
		};
		0F985E1A1F03E1320082C3AA /* Frameworks */ = {
			isa = PBXFrameworksBuildPhase;
			buildActionMask = 2147483647;
			files = (
			);
			runOnlyForDeploymentPostprocessing = 0;
		};
		0F985E251F03E1320082C3AA /* Frameworks */ = {
			isa = PBXFrameworksBuildPhase;
			buildActionMask = 2147483647;
			files = (
			);
			runOnlyForDeploymentPostprocessing = 0;
		};
/* End PBXFrameworksBuildPhase section */

/* Begin PBXGroup section */
		0F985E001F03E1320082C3AA = {
			isa = PBXGroup;
			children = (
				0F985E0B1F03E1320082C3AA /* WeChat */,
				0F985E201F03E1320082C3AA /* WeChatTests */,
				0F985E2B1F03E1320082C3AA /* WeChatUITests */,
				0F985E0A1F03E1320082C3AA /* Products */,
				E967C7C3FB478C5B6E90213B /* Pods */,
				7F9211873C65FFF200F74964 /* Frameworks */,
			);
			sourceTree = "<group>";
		};
		0F985E0A1F03E1320082C3AA /* Products */ = {
			isa = PBXGroup;
			children = (
				0F985E091F03E1320082C3AA /* WeChat.app */,
				0F985E1D1F03E1320082C3AA /* WeChatTests.xctest */,
				0F985E281F03E1320082C3AA /* WeChatUITests.xctest */,
			);
			name = Products;
			sourceTree = "<group>";
		};
		0F985E0B1F03E1320082C3AA /* WeChat */ = {
			isa = PBXGroup;
			children = (
				0F985E0C1F03E1320082C3AA /* AppDelegate.swift */,
				0FD9C33A1F04F055007D3666 /* Wechat */,
				0FD9C3391F04F055007D3666 /* Contacts */,
				0FD9C3381F04F055007D3666 /* Discover */,
				0FD9C3371F04F055007D3666 /* Me */,
				0FD9C3341F04DCA3007D3666 /* Resource */,
				0FD9C32F1F04D875007D3666 /* Extension */,
				0F985E3D1F03FA800082C3AA /* Vendors */,
				0F985E3A1F03E3960082C3AA /* Tabbar */,
				0F985E181F03E1320082C3AA /* Info.plist */,
			);
			path = WeChat;
			sourceTree = "<group>";
		};
		0F985E201F03E1320082C3AA /* WeChatTests */ = {
			isa = PBXGroup;
			children = (
				0F985E211F03E1320082C3AA /* WeChatTests.swift */,
				0F985E231F03E1320082C3AA /* Info.plist */,
			);
			path = WeChatTests;
			sourceTree = "<group>";
		};
		0F985E2B1F03E1320082C3AA /* WeChatUITests */ = {
			isa = PBXGroup;
			children = (
				0F985E2C1F03E1320082C3AA /* WeChatUITests.swift */,
				0F985E2E1F03E1320082C3AA /* Info.plist */,
			);
			path = WeChatUITests;
			sourceTree = "<group>";
		};
		0F985E3A1F03E3960082C3AA /* Tabbar */ = {
			isa = PBXGroup;
			children = (
				0F985E3B1F03E3CF0082C3AA /* ZZTabBarController.swift */,
			);
			path = Tabbar;
			sourceTree = "<group>";
		};
		0F985E3D1F03FA800082C3AA /* Vendors */ = {
			isa = PBXGroup;
			children = (
			);
			path = Vendors;
			sourceTree = "<group>";
		};
		0FD9C32F1F04D875007D3666 /* Extension */ = {
			isa = PBXGroup;
			children = (
				0FD9C3321F04DBCC007D3666 /* ZZUIImage+Wechat.swift */,
				0FD9C34D1F04F63F007D3666 /* ZZUIColor+WeChat.swift */,
				0FC4016F1F0B469D001E84F4 /* UIBarButtonItem+Block.swift */,
			);
			path = Extension;
			sourceTree = "<group>";
		};
		0FD9C3341F04DCA3007D3666 /* Resource */ = {
			isa = PBXGroup;
			children = (
				0F985E131F03E1320082C3AA /* Assets.xcassets */,
				0FD9C3351F04DCC3007D3666 /* Media.xcassets */,
			);
			path = Resource;
			sourceTree = "<group>";
		};
		0FD9C3371F04F055007D3666 /* Me */ = {
			isa = PBXGroup;
			children = (
				0FD9C3471F04F196007D3666 /* Controller */,
				0FD9C3481F04F196007D3666 /* Model */,
				0FD9C3491F04F196007D3666 /* View */,
				0FD9C34A1F04F196007D3666 /* ViewModel */,
			);
			path = Me;
			sourceTree = "<group>";
		};
		0FD9C3381F04F055007D3666 /* Discover */ = {
			isa = PBXGroup;
			children = (
				0FD9C3431F04F18A007D3666 /* Controller */,
				0FD9C3441F04F18A007D3666 /* Model */,
				0FD9C3451F04F18A007D3666 /* View */,
				0FD9C3461F04F18A007D3666 /* ViewModel */,
			);
			path = Discover;
			sourceTree = "<group>";
		};
		0FD9C3391F04F055007D3666 /* Contacts */ = {
			isa = PBXGroup;
			children = (
				0FD9C33F1F04F175007D3666 /* Controller */,
				0FD9C3401F04F175007D3666 /* Model */,
				0FD9C3411F04F175007D3666 /* View */,
				0FD9C3421F04F175007D3666 /* ViewModel */,
			);
			path = Contacts;
			sourceTree = "<group>";
		};
		0FD9C33A1F04F055007D3666 /* Wechat */ = {
			isa = PBXGroup;
			children = (
				0FD9C33B1F04F145007D3666 /* Model */,
				0FD9C33C1F04F145007D3666 /* ViewModel */,
				0FD9C33D1F04F145007D3666 /* View */,
				0FD9C33E1F04F145007D3666 /* Controller */,
			);
			path = Wechat;
			sourceTree = "<group>";
		};
		0FD9C33B1F04F145007D3666 /* Model */ = {
			isa = PBXGroup;
			children = (
				0F920CA11F0939A500DD911C /* ZZWeChatMessageModel.swift */,
				0F920CA31F093D8900DD911C /* ZZWeChatMessageEnum.swift */,
			);
			path = Model;
			sourceTree = "<group>";
		};
		0FD9C33C1F04F145007D3666 /* ViewModel */ = {
			isa = PBXGroup;
			children = (
			);
			path = ViewModel;
			sourceTree = "<group>";
		};
		0FD9C33D1F04F145007D3666 /* View */ = {
			isa = PBXGroup;
			children = (
			);
			path = View;
			sourceTree = "<group>";
		};
		0FD9C33E1F04F145007D3666 /* Controller */ = {
			isa = PBXGroup;
			children = (
				0FD9C34B1F04F21A007D3666 /* ZZWeChatViewController.swift */,
			);
			path = Controller;
			sourceTree = "<group>";
		};
		0FD9C33F1F04F175007D3666 /* Controller */ = {
			isa = PBXGroup;
			children = (
				0F920C991F08A5A000DD911C /* ZZContactsViewController.swift */,
			);
			path = Controller;
			sourceTree = "<group>";
		};
		0FD9C3401F04F175007D3666 /* Model */ = {
			isa = PBXGroup;
			children = (
			);
			path = Model;
			sourceTree = "<group>";
		};
		0FD9C3411F04F175007D3666 /* View */ = {
			isa = PBXGroup;
			children = (
			);
			path = View;
			sourceTree = "<group>";
		};
		0FD9C3421F04F175007D3666 /* ViewModel */ = {
			isa = PBXGroup;
			children = (
			);
			path = ViewModel;
			sourceTree = "<group>";
		};
		0FD9C3431F04F18A007D3666 /* Controller */ = {
			isa = PBXGroup;
			children = (
				0F920C9B1F08A5D600DD911C /* ZZDiscoverViewController.swift */,
			);
			path = Controller;
			sourceTree = "<group>";
		};
		0FD9C3441F04F18A007D3666 /* Model */ = {
			isa = PBXGroup;
			children = (
			);
			path = Model;
			sourceTree = "<group>";
		};
		0FD9C3451F04F18A007D3666 /* View */ = {
			isa = PBXGroup;
			children = (
			);
			path = View;
			sourceTree = "<group>";
		};
		0FD9C3461F04F18A007D3666 /* ViewModel */ = {
			isa = PBXGroup;
			children = (
			);
			path = ViewModel;
			sourceTree = "<group>";
		};
		0FD9C3471F04F196007D3666 /* Controller */ = {
			isa = PBXGroup;
			children = (
				0F920C9D1F08A5F900DD911C /* ZZMeViewController.swift */,
			);
			path = Controller;
			sourceTree = "<group>";
		};
		0FD9C3481F04F196007D3666 /* Model */ = {
			isa = PBXGroup;
			children = (
			);
			path = Model;
			sourceTree = "<group>";
		};
		0FD9C3491F04F196007D3666 /* View */ = {
			isa = PBXGroup;
			children = (
			);
			path = View;
			sourceTree = "<group>";
		};
		0FD9C34A1F04F196007D3666 /* ViewModel */ = {
			isa = PBXGroup;
			children = (
			);
			path = ViewModel;
			sourceTree = "<group>";
		};
		7F9211873C65FFF200F74964 /* Frameworks */ = {
			isa = PBXGroup;
			children = (
				0F920C9F1F08B64500DD911C /* UIKit.framework */,
				0FD9C3531F05041B007D3666 /* BSGridCollectionViewLayout.framework */,
				0FD9C3541F05041B007D3666 /* BSImagePicker.framework */,
				0FD9C3551F05041B007D3666 /* Cent.framework */,
				0FD9C3561F05041B007D3666 /* Dollar.framework */,
				0FD9C3571F05041B007D3666 /* INTULocationManager.framework */,
				0FD9C3581F05041B007D3666 /* KeychainAccess.framework */,
				0FD9C3591F05041B007D3666 /* Kingfisher.framework */,
				0FD9C35A1F05041B007D3666 /* ObjectMapper.framework */,
				0FD9C35B1F05041B007D3666 /* RxBlocking.framework */,
				0FD9C35C1F05041B007D3666 /* RxCocoa.framework */,
				0FD9C35D1F05041B007D3666 /* RxSwift.framework */,
				0FD9C35E1F05041B007D3666 /* SnapKit.framework */,
				0FD9C35F1F05041B007D3666 /* SVProgressHUD.framework */,
				0FD9C3601F05041B007D3666 /* SwiftyJSON.framework */,
				0FD9C3611F05041B007D3666 /* TSVoiceConverter.framework */,
				0FD9C3621F05041B007D3666 /* UIColor_Hex_Swift.framework */,
				0FD9C3631F05041B007D3666 /* UIImageViewModeScaleAspect.framework */,
				0FD9C3641F05041B007D3666 /* XCGLogger.framework */,
				0FD9C3651F05041B007D3666 /* XLActionController.framework */,
				0FD9C3661F05041B007D3666 /* YYText.framework */,
				0FD9C3511F05040F007D3666 /* Alamofire.framework */,
				0FD9C34F1F0500AD007D3666 /* TimedSilver.framework */,
				34656C71F27B432FDE66D631 /* Pods_WeChat.framework */,
			);
			name = Frameworks;
			sourceTree = "<group>";
		};
		E967C7C3FB478C5B6E90213B /* Pods */ = {
			isa = PBXGroup;
			children = (
				C9DA479E2F701164CFAE4F6A /* Pods-WeChat.debug.xcconfig */,
				C77A03C288BDE9008263F2CD /* Pods-WeChat.release.xcconfig */,
			);
			name = Pods;
			sourceTree = "<group>";
		};
/* End PBXGroup section */

/* Begin PBXNativeTarget section */
		0F985E081F03E1320082C3AA /* WeChat */ = {
			isa = PBXNativeTarget;
			buildConfigurationList = 0F985E311F03E1320082C3AA /* Build configuration list for PBXNativeTarget "WeChat" */;
			buildPhases = (
				D96BFB90A316036DEC72D9B2 /* [CP] Check Pods Manifest.lock */,
				0F985E051F03E1320082C3AA /* Sources */,
				0F985E061F03E1320082C3AA /* Frameworks */,
				0F985E071F03E1320082C3AA /* Resources */,
				F150AF0F291E8ED7D5AC7B3E /* [CP] Embed Pods Frameworks */,
				A90DC1EE2BAA2EE482AFBA95 /* [CP] Copy Pods Resources */,
			);
			buildRules = (
			);
			dependencies = (
			);
			name = WeChat;
			productName = WeChat;
			productReference = 0F985E091F03E1320082C3AA /* WeChat.app */;
			productType = "com.apple.product-type.application";
		};
		0F985E1C1F03E1320082C3AA /* WeChatTests */ = {
			isa = PBXNativeTarget;
			buildConfigurationList = 0F985E341F03E1320082C3AA /* Build configuration list for PBXNativeTarget "WeChatTests" */;
			buildPhases = (
				0F985E191F03E1320082C3AA /* Sources */,
				0F985E1A1F03E1320082C3AA /* Frameworks */,
				0F985E1B1F03E1320082C3AA /* Resources */,
			);
			buildRules = (
			);
			dependencies = (
				0F985E1F1F03E1320082C3AA /* PBXTargetDependency */,
			);
			name = WeChatTests;
			productName = WeChatTests;
			productReference = 0F985E1D1F03E1320082C3AA /* WeChatTests.xctest */;
			productType = "com.apple.product-type.bundle.unit-test";
		};
		0F985E271F03E1320082C3AA /* WeChatUITests */ = {
			isa = PBXNativeTarget;
			buildConfigurationList = 0F985E371F03E1320082C3AA /* Build configuration list for PBXNativeTarget "WeChatUITests" */;
			buildPhases = (
				0F985E241F03E1320082C3AA /* Sources */,
				0F985E251F03E1320082C3AA /* Frameworks */,
				0F985E261F03E1320082C3AA /* Resources */,
			);
			buildRules = (
			);
			dependencies = (
				0F985E2A1F03E1320082C3AA /* PBXTargetDependency */,
			);
			name = WeChatUITests;
			productName = WeChatUITests;
			productReference = 0F985E281F03E1320082C3AA /* WeChatUITests.xctest */;
			productType = "com.apple.product-type.bundle.ui-testing";
		};
/* End PBXNativeTarget section */

/* Begin PBXProject section */
		0F985E011F03E1320082C3AA /* Project object */ = {
			isa = PBXProject;
			attributes = {
				CLASSPREFIX = ZZ;
				LastSwiftUpdateCheck = 0830;
				LastUpgradeCheck = 0830;
				ORGANIZATIONNAME = "政";
				TargetAttributes = {
					0F985E081F03E1320082C3AA = {
						CreatedOnToolsVersion = 8.3.3;
						DevelopmentTeam = Z9AH4A4F7A;
						ProvisioningStyle = Automatic;
					};
					0F985E1C1F03E1320082C3AA = {
						CreatedOnToolsVersion = 8.3.3;
						DevelopmentTeam = Z9AH4A4F7A;
						ProvisioningStyle = Automatic;
						TestTargetID = 0F985E081F03E1320082C3AA;
					};
					0F985E271F03E1320082C3AA = {
						CreatedOnToolsVersion = 8.3.3;
						DevelopmentTeam = Z9AH4A4F7A;
						ProvisioningStyle = Automatic;
						TestTargetID = 0F985E081F03E1320082C3AA;
					};
				};
			};
			buildConfigurationList = 0F985E041F03E1320082C3AA /* Build configuration list for PBXProject "WeChat" */;
			compatibilityVersion = "Xcode 3.2";
			developmentRegion = English;
			hasScannedForEncodings = 0;
			knownRegions = (
				en,
				Base,
			);
			mainGroup = 0F985E001F03E1320082C3AA;
			productRefGroup = 0F985E0A1F03E1320082C3AA /* Products */;
			projectDirPath = "";
			projectRoot = "";
			targets = (
				0F985E081F03E1320082C3AA /* WeChat */,
				0F985E1C1F03E1320082C3AA /* WeChatTests */,
				0F985E271F03E1320082C3AA /* WeChatUITests */,
			);
		};
/* End PBXProject section */

/* Begin PBXResourcesBuildPhase section */
		0F985E071F03E1320082C3AA /* Resources */ = {
			isa = PBXResourcesBuildPhase;
			buildActionMask = 2147483647;
			files = (
				0FD9C3361F04DCC3007D3666 /* Media.xcassets in Resources */,
				0F985E141F03E1320082C3AA /* Assets.xcassets in Resources */,
			);
			runOnlyForDeploymentPostprocessing = 0;
		};
		0F985E1B1F03E1320082C3AA /* Resources */ = {
			isa = PBXResourcesBuildPhase;
			buildActionMask = 2147483647;
			files = (
			);
			runOnlyForDeploymentPostprocessing = 0;
		};
		0F985E261F03E1320082C3AA /* Resources */ = {
			isa = PBXResourcesBuildPhase;
			buildActionMask = 2147483647;
			files = (
			);
			runOnlyForDeploymentPostprocessing = 0;
		};
/* End PBXResourcesBuildPhase section */

/* Begin PBXShellScriptBuildPhase section */
		A90DC1EE2BAA2EE482AFBA95 /* [CP] Copy Pods Resources */ = {
			isa = PBXShellScriptBuildPhase;
			buildActionMask = 2147483647;
			files = (
			);
			inputPaths = (
			);
			name = "[CP] Copy Pods Resources";
			outputPaths = (
			);
			runOnlyForDeploymentPostprocessing = 0;
			shellPath = /bin/sh;
			shellScript = "\"${SRCROOT}/Pods/Target Support Files/Pods-WeChat/Pods-WeChat-resources.sh\"\n";
			showEnvVarsInLog = 0;
		};
		D96BFB90A316036DEC72D9B2 /* [CP] Check Pods Manifest.lock */ = {
			isa = PBXShellScriptBuildPhase;
			buildActionMask = 2147483647;
			files = (
			);
			inputPaths = (
			);
			name = "[CP] Check Pods Manifest.lock";
			outputPaths = (
			);
			runOnlyForDeploymentPostprocessing = 0;
			shellPath = /bin/sh;
			shellScript = "diff \"${PODS_ROOT}/../Podfile.lock\" \"${PODS_ROOT}/Manifest.lock\" > /dev/null\nif [ $? != 0 ] ; then\n    # print error to STDERR\n    echo \"error: The sandbox is not in sync with the Podfile.lock. Run 'pod install' or update your CocoaPods installation.\" >&2\n    exit 1\nfi\n";
			showEnvVarsInLog = 0;
		};
		F150AF0F291E8ED7D5AC7B3E /* [CP] Embed Pods Frameworks */ = {
			isa = PBXShellScriptBuildPhase;
			buildActionMask = 2147483647;
			files = (
			);
			inputPaths = (
			);
			name = "[CP] Embed Pods Frameworks";
			outputPaths = (
			);
			runOnlyForDeploymentPostprocessing = 0;
			shellPath = /bin/sh;
			shellScript = "\"${SRCROOT}/Pods/Target Support Files/Pods-WeChat/Pods-WeChat-frameworks.sh\"\n";
			showEnvVarsInLog = 0;
		};
/* End PBXShellScriptBuildPhase section */

/* Begin PBXSourcesBuildPhase section */
		0F985E051F03E1320082C3AA /* Sources */ = {
			isa = PBXSourcesBuildPhase;
			buildActionMask = 2147483647;
			files = (
				0F920C9E1F08A5F900DD911C /* ZZMeViewController.swift in Sources */,
				0F920C9C1F08A5D600DD911C /* ZZDiscoverViewController.swift in Sources */,
				0FD9C34C1F04F21A007D3666 /* ZZWeChatViewController.swift in Sources */,
				0F920CA21F0939A500DD911C /* ZZWeChatMessageModel.swift in Sources */,
				0F920CA41F093D8900DD911C /* ZZWeChatMessageEnum.swift in Sources */,
				0F920C9A1F08A5A000DD911C /* ZZContactsViewController.swift in Sources */,
				0F985E0D1F03E1320082C3AA /* AppDelegate.swift in Sources */,
				0FC401701F0B469D001E84F4 /* UIBarButtonItem+Block.swift in Sources */,
				0FD9C34E1F04F63F007D3666 /* ZZUIColor+WeChat.swift in Sources */,
				0FD9C3331F04DBCC007D3666 /* ZZUIImage+Wechat.swift in Sources */,
				0F985E3C1F03E3CF0082C3AA /* ZZTabBarController.swift in Sources */,
			);
			runOnlyForDeploymentPostprocessing = 0;
		};
		0F985E191F03E1320082C3AA /* Sources */ = {
			isa = PBXSourcesBuildPhase;
			buildActionMask = 2147483647;
			files = (
				0F985E221F03E1320082C3AA /* WeChatTests.swift in Sources */,
			);
			runOnlyForDeploymentPostprocessing = 0;
		};
		0F985E241F03E1320082C3AA /* Sources */ = {
			isa = PBXSourcesBuildPhase;
			buildActionMask = 2147483647;
			files = (
				0F985E2D1F03E1320082C3AA /* WeChatUITests.swift in Sources */,
			);
			runOnlyForDeploymentPostprocessing = 0;
		};
/* End PBXSourcesBuildPhase section */

/* Begin PBXTargetDependency section */
		0F985E1F1F03E1320082C3AA /* PBXTargetDependency */ = {
			isa = PBXTargetDependency;
			target = 0F985E081F03E1320082C3AA /* WeChat */;
			targetProxy = 0F985E1E1F03E1320082C3AA /* PBXContainerItemProxy */;
		};
		0F985E2A1F03E1320082C3AA /* PBXTargetDependency */ = {
			isa = PBXTargetDependency;
			target = 0F985E081F03E1320082C3AA /* WeChat */;
			targetProxy = 0F985E291F03E1320082C3AA /* PBXContainerItemProxy */;
		};
/* End PBXTargetDependency section */

/* Begin XCBuildConfiguration section */
		0F985E2F1F03E1320082C3AA /* Debug */ = {
			isa = XCBuildConfiguration;
			buildSettings = {
				ALWAYS_SEARCH_USER_PATHS = NO;
				CLANG_ANALYZER_NONNULL = YES;
				CLANG_ANALYZER_NUMBER_OBJECT_CONVERSION = YES_AGGRESSIVE;
				CLANG_CXX_LANGUAGE_STANDARD = "gnu++0x";
				CLANG_CXX_LIBRARY = "libc++";
				CLANG_ENABLE_MODULES = YES;
				CLANG_ENABLE_OBJC_ARC = YES;
				CLANG_WARN_BOOL_CONVERSION = YES;
				CLANG_WARN_CONSTANT_CONVERSION = YES;
				CLANG_WARN_DIRECT_OBJC_ISA_USAGE = YES_ERROR;
				CLANG_WARN_DOCUMENTATION_COMMENTS = YES;
				CLANG_WARN_EMPTY_BODY = YES;
				CLANG_WARN_ENUM_CONVERSION = YES;
				CLANG_WARN_INFINITE_RECURSION = YES;
				CLANG_WARN_INT_CONVERSION = YES;
				CLANG_WARN_OBJC_ROOT_CLASS = YES_ERROR;
				CLANG_WARN_SUSPICIOUS_MOVE = YES;
				CLANG_WARN_UNREACHABLE_CODE = YES;
				CLANG_WARN__DUPLICATE_METHOD_MATCH = YES;
				"CODE_SIGN_IDENTITY[sdk=iphoneos*]" = "iPhone Developer";
				COPY_PHASE_STRIP = NO;
				DEBUG_INFORMATION_FORMAT = dwarf;
				ENABLE_STRICT_OBJC_MSGSEND = YES;
				ENABLE_TESTABILITY = YES;
				GCC_C_LANGUAGE_STANDARD = gnu99;
				GCC_DYNAMIC_NO_PIC = NO;
				GCC_NO_COMMON_BLOCKS = YES;
				GCC_OPTIMIZATION_LEVEL = 0;
				GCC_PREPROCESSOR_DEFINITIONS = (
					"DEBUG=1",
					"$(inherited)",
				);
				GCC_WARN_64_TO_32_BIT_CONVERSION = YES;
				GCC_WARN_ABOUT_RETURN_TYPE = YES_ERROR;
				GCC_WARN_UNDECLARED_SELECTOR = YES;
				GCC_WARN_UNINITIALIZED_AUTOS = YES_AGGRESSIVE;
				GCC_WARN_UNUSED_FUNCTION = YES;
				GCC_WARN_UNUSED_VARIABLE = YES;
				IPHONEOS_DEPLOYMENT_TARGET = 10.3;
				MTL_ENABLE_DEBUG_INFO = YES;
				ONLY_ACTIVE_ARCH = YES;
				SDKROOT = iphoneos;
				SWIFT_ACTIVE_COMPILATION_CONDITIONS = DEBUG;
				SWIFT_OPTIMIZATION_LEVEL = "-Onone";
				TARGETED_DEVICE_FAMILY = "1,2";
			};
			name = Debug;
		};
		0F985E301F03E1320082C3AA /* Release */ = {
			isa = XCBuildConfiguration;
			buildSettings = {
				ALWAYS_SEARCH_USER_PATHS = NO;
				CLANG_ANALYZER_NONNULL = YES;
				CLANG_ANALYZER_NUMBER_OBJECT_CONVERSION = YES_AGGRESSIVE;
				CLANG_CXX_LANGUAGE_STANDARD = "gnu++0x";
				CLANG_CXX_LIBRARY = "libc++";
				CLANG_ENABLE_MODULES = YES;
				CLANG_ENABLE_OBJC_ARC = YES;
				CLANG_WARN_BOOL_CONVERSION = YES;
				CLANG_WARN_CONSTANT_CONVERSION = YES;
				CLANG_WARN_DIRECT_OBJC_ISA_USAGE = YES_ERROR;
				CLANG_WARN_DOCUMENTATION_COMMENTS = YES;
				CLANG_WARN_EMPTY_BODY = YES;
				CLANG_WARN_ENUM_CONVERSION = YES;
				CLANG_WARN_INFINITE_RECURSION = YES;
				CLANG_WARN_INT_CONVERSION = YES;
				CLANG_WARN_OBJC_ROOT_CLASS = YES_ERROR;
				CLANG_WARN_SUSPICIOUS_MOVE = YES;
				CLANG_WARN_UNREACHABLE_CODE = YES;
				CLANG_WARN__DUPLICATE_METHOD_MATCH = YES;
				"CODE_SIGN_IDENTITY[sdk=iphoneos*]" = "iPhone Developer";
				COPY_PHASE_STRIP = NO;
				DEBUG_INFORMATION_FORMAT = "dwarf-with-dsym";
				ENABLE_NS_ASSERTIONS = NO;
				ENABLE_STRICT_OBJC_MSGSEND = YES;
				GCC_C_LANGUAGE_STANDARD = gnu99;
				GCC_NO_COMMON_BLOCKS = YES;
				GCC_WARN_64_TO_32_BIT_CONVERSION = YES;
				GCC_WARN_ABOUT_RETURN_TYPE = YES_ERROR;
				GCC_WARN_UNDECLARED_SELECTOR = YES;
				GCC_WARN_UNINITIALIZED_AUTOS = YES_AGGRESSIVE;
				GCC_WARN_UNUSED_FUNCTION = YES;
				GCC_WARN_UNUSED_VARIABLE = YES;
				IPHONEOS_DEPLOYMENT_TARGET = 10.3;
				MTL_ENABLE_DEBUG_INFO = NO;
				SDKROOT = iphoneos;
				SWIFT_OPTIMIZATION_LEVEL = "-Owholemodule";
				TARGETED_DEVICE_FAMILY = "1,2";
				VALIDATE_PRODUCT = YES;
			};
			name = Release;
		};
		0F985E321F03E1320082C3AA /* Debug */ = {
			isa = XCBuildConfiguration;
			baseConfigurationReference = C9DA479E2F701164CFAE4F6A /* Pods-WeChat.debug.xcconfig */;
			buildSettings = {
				ASSETCATALOG_COMPILER_APPICON_NAME = AppIcon;
				ASSETCATALOG_COMPILER_LAUNCHIMAGE_NAME = LaunchImage;
				DEVELOPMENT_TEAM = Z9AH4A4F7A;
				FRAMEWORK_SEARCH_PATHS = (
					"$(inherited)",
					"$(PROJECT_DIR)/WeChat/Vendors/swiftgen/lib",
					"$(PROJECT_DIR)/build/Debug-iphoneos/INTULocationManager",
					"$(PROJECT_DIR)/build/Debug-iphoneos/SVProgressHUD",
					"$(PROJECT_DIR)/build/Debug-iphoneos/UIImageViewModeScaleAspect",
					"$(PROJECT_DIR)/build/Debug-iphoneos/YYText",
				);
				INFOPLIST_FILE = WeChat/Info.plist;
				LD_RUNPATH_SEARCH_PATHS = "$(inherited) @executable_path/Frameworks";
				LIBRARY_SEARCH_PATHS = (
					"$(inherited)",
					"$(PROJECT_DIR)/WeChat/Vendors/swiftgen/lib",
				);
				PRODUCT_BUNDLE_IDENTIFIER = ZZ.WeChat;
				PRODUCT_NAME = "$(TARGET_NAME)";
				SWIFT_VERSION = 3.0;
				TARGETED_DEVICE_FAMILY = 1;
			};
			name = Debug;
		};
		0F985E331F03E1320082C3AA /* Release */ = {
			isa = XCBuildConfiguration;
			baseConfigurationReference = C77A03C288BDE9008263F2CD /* Pods-WeChat.release.xcconfig */;
			buildSettings = {
				ASSETCATALOG_COMPILER_APPICON_NAME = AppIcon;
				ASSETCATALOG_COMPILER_LAUNCHIMAGE_NAME = LaunchImage;
				DEVELOPMENT_TEAM = Z9AH4A4F7A;
				FRAMEWORK_SEARCH_PATHS = (
					"$(inherited)",
					"$(PROJECT_DIR)/WeChat/Vendors/swiftgen/lib",
					"$(PROJECT_DIR)/build/Debug-iphoneos/INTULocationManager",
					"$(PROJECT_DIR)/build/Debug-iphoneos/SVProgressHUD",
					"$(PROJECT_DIR)/build/Debug-iphoneos/UIImageViewModeScaleAspect",
					"$(PROJECT_DIR)/build/Debug-iphoneos/YYText",
				);
				INFOPLIST_FILE = WeChat/Info.plist;
				LD_RUNPATH_SEARCH_PATHS = "$(inherited) @executable_path/Frameworks";
				LIBRARY_SEARCH_PATHS = (
					"$(inherited)",
					"$(PROJECT_DIR)/WeChat/Vendors/swiftgen/lib",
				);
				PRODUCT_BUNDLE_IDENTIFIER = ZZ.WeChat;
				PRODUCT_NAME = "$(TARGET_NAME)";
				SWIFT_VERSION = 3.0;
				TARGETED_DEVICE_FAMILY = 1;
			};
			name = Release;
		};
		0F985E351F03E1320082C3AA /* Debug */ = {
			isa = XCBuildConfiguration;
			buildSettings = {
				ALWAYS_EMBED_SWIFT_STANDARD_LIBRARIES = YES;
				BUNDLE_LOADER = "$(TEST_HOST)";
				DEVELOPMENT_TEAM = Z9AH4A4F7A;
				INFOPLIST_FILE = WeChatTests/Info.plist;
				LD_RUNPATH_SEARCH_PATHS = "$(inherited) @executable_path/Frameworks @loader_path/Frameworks";
				PRODUCT_BUNDLE_IDENTIFIER = ZZ.WeChatTests;
				PRODUCT_NAME = "$(TARGET_NAME)";
				SWIFT_VERSION = 3.0;
				TEST_HOST = "$(BUILT_PRODUCTS_DIR)/WeChat.app/WeChat";
			};
			name = Debug;
		};
		0F985E361F03E1320082C3AA /* Release */ = {
			isa = XCBuildConfiguration;
			buildSettings = {
				ALWAYS_EMBED_SWIFT_STANDARD_LIBRARIES = YES;
				BUNDLE_LOADER = "$(TEST_HOST)";
				DEVELOPMENT_TEAM = Z9AH4A4F7A;
				INFOPLIST_FILE = WeChatTests/Info.plist;
				LD_RUNPATH_SEARCH_PATHS = "$(inherited) @executable_path/Frameworks @loader_path/Frameworks";
				PRODUCT_BUNDLE_IDENTIFIER = ZZ.WeChatTests;
				PRODUCT_NAME = "$(TARGET_NAME)";
				SWIFT_VERSION = 3.0;
				TEST_HOST = "$(BUILT_PRODUCTS_DIR)/WeChat.app/WeChat";
			};
			name = Release;
		};
		0F985E381F03E1320082C3AA /* Debug */ = {
			isa = XCBuildConfiguration;
			buildSettings = {
				ALWAYS_EMBED_SWIFT_STANDARD_LIBRARIES = YES;
				DEVELOPMENT_TEAM = Z9AH4A4F7A;
				INFOPLIST_FILE = WeChatUITests/Info.plist;
				LD_RUNPATH_SEARCH_PATHS = "$(inherited) @executable_path/Frameworks @loader_path/Frameworks";
				PRODUCT_BUNDLE_IDENTIFIER = ZZ.WeChatUITests;
				PRODUCT_NAME = "$(TARGET_NAME)";
				SWIFT_VERSION = 3.0;
				TEST_TARGET_NAME = WeChat;
			};
			name = Debug;
		};
		0F985E391F03E1320082C3AA /* Release */ = {
			isa = XCBuildConfiguration;
			buildSettings = {
				ALWAYS_EMBED_SWIFT_STANDARD_LIBRARIES = YES;
				DEVELOPMENT_TEAM = Z9AH4A4F7A;
				INFOPLIST_FILE = WeChatUITests/Info.plist;
				LD_RUNPATH_SEARCH_PATHS = "$(inherited) @executable_path/Frameworks @loader_path/Frameworks";
				PRODUCT_BUNDLE_IDENTIFIER = ZZ.WeChatUITests;
				PRODUCT_NAME = "$(TARGET_NAME)";
				SWIFT_VERSION = 3.0;
				TEST_TARGET_NAME = WeChat;
			};
			name = Release;
		};
/* End XCBuildConfiguration section */

/* Begin XCConfigurationList section */
		0F985E041F03E1320082C3AA /* Build configuration list for PBXProject "WeChat" */ = {
			isa = XCConfigurationList;
			buildConfigurations = (
				0F985E2F1F03E1320082C3AA /* Debug */,
				0F985E301F03E1320082C3AA /* Release */,
			);
			defaultConfigurationIsVisible = 0;
			defaultConfigurationName = Release;
		};
		0F985E311F03E1320082C3AA /* Build configuration list for PBXNativeTarget "WeChat" */ = {
			isa = XCConfigurationList;
			buildConfigurations = (
				0F985E321F03E1320082C3AA /* Debug */,
				0F985E331F03E1320082C3AA /* Release */,
			);
			defaultConfigurationIsVisible = 0;
			defaultConfigurationName = Release;
		};
		0F985E341F03E1320082C3AA /* Build configuration list for PBXNativeTarget "WeChatTests" */ = {
			isa = XCConfigurationList;
			buildConfigurations = (
				0F985E351F03E1320082C3AA /* Debug */,
				0F985E361F03E1320082C3AA /* Release */,
			);
			defaultConfigurationIsVisible = 0;
			defaultConfigurationName = Release;
		};
		0F985E371F03E1320082C3AA /* Build configuration list for PBXNativeTarget "WeChatUITests" */ = {
			isa = XCConfigurationList;
			buildConfigurations = (
				0F985E381F03E1320082C3AA /* Debug */,
				0F985E391F03E1320082C3AA /* Release */,
			);
			defaultConfigurationIsVisible = 0;
			defaultConfigurationName = Release;
		};
/* End XCConfigurationList section */
	};
	rootObject = 0F985E011F03E1320082C3AA /* Project object */;
}
