// !$*UTF8*$!
{
	archiveVersion = 1;
	classes = {
	};
	objectVersion = 46;
	objects = {

/* Begin PBXBuildFile section */
		0F985E0D1F03E1320082C3AA /* AppDelegate.swift in Sources */ = {isa = PBXBuildFile; fileRef = 0F985E0C1F03E1320082C3AA /* AppDelegate.swift */; };
		0F985E141F03E1320082C3AA /* Assets.xcassets in Resources */ = {isa = PBXBuildFile; fileRef = 0F985E131F03E1320082C3AA /* Assets.xcassets */; };
		0F985E221F03E1320082C3AA /* WeChatTests.swift in Sources */ = {isa = PBXBuildFile; fileRef = 0F985E211F03E1320082C3AA /* WeChatTests.swift */; };
		0F985E2D1F03E1320082C3AA /* WeChatUITests.swift in Sources */ = {isa = PBXBuildFile; fileRef = 0F985E2C1F03E1320082C3AA /* WeChatUITests.swift */; };
		0F985E3C1F03E3CF0082C3AA /* ZZTabBarController.swift in Sources */ = {isa = PBXBuildFile; fileRef = 0F985E3B1F03E3CF0082C3AA /* ZZTabBarController.swift */; };
/* End PBXBuildFile section */

/* Begin PBXContainerItemProxy section */
		0F985E1E1F03E1320082C3AA /* PBXContainerItemProxy */ = {
			isa = PBXContainerItemProxy;
			containerPortal = 0F985E011F03E1320082C3AA /* Project object */;
			proxyType = 1;
			remoteGlobalIDString = 0F985E081F03E1320082C3AA;
			remoteInfo = WeChat;
		};
		0F985E291F03E1320082C3AA /* PBXContainerItemProxy */ = {
			isa = PBXContainerItemProxy;
			containerPortal = 0F985E011F03E1320082C3AA /* Project object */;
			proxyType = 1;
			remoteGlobalIDString = 0F985E081F03E1320082C3AA;
			remoteInfo = WeChat;
		};
/* End PBXContainerItemProxy section */

/* Begin PBXFileReference section */
		0F985E091F03E1320082C3AA /* WeChat.app */ = {isa = PBXFileReference; explicitFileType = wrapper.application; includeInIndex = 0; path = WeChat.app; sourceTree = BUILT_PRODUCTS_DIR; };
		0F985E0C1F03E1320082C3AA /* AppDelegate.swift */ = {isa = PBXFileReference; lastKnownFileType = sourcecode.swift; path = AppDelegate.swift; sourceTree = "<group>"; };
		0F985E131F03E1320082C3AA /* Assets.xcassets */ = {isa = PBXFileReference; lastKnownFileType = folder.assetcatalog; path = Assets.xcassets; sourceTree = "<group>"; };
		0F985E181F03E1320082C3AA /* Info.plist */ = {isa = PBXFileReference; lastKnownFileType = text.plist.xml; path = Info.plist; sourceTree = "<group>"; };
		0F985E1D1F03E1320082C3AA /* WeChatTests.xctest */ = {isa = PBXFileReference; explicitFileType = wrapper.cfbundle; includeInIndex = 0; path = WeChatTests.xctest; sourceTree = BUILT_PRODUCTS_DIR; };
		0F985E211F03E1320082C3AA /* WeChatTests.swift */ = {isa = PBXFileReference; lastKnownFileType = sourcecode.swift; path = WeChatTests.swift; sourceTree = "<group>"; };
		0F985E231F03E1320082C3AA /* Info.plist */ = {isa = PBXFileReference; lastKnownFileType = text.plist.xml; path = Info.plist; sourceTree = "<group>"; };
		0F985E281F03E1320082C3AA /* WeChatUITests.xctest */ = {isa = PBXFileReference; explicitFileType = wrapper.cfbundle; includeInIndex = 0; path = WeChatUITests.xctest; sourceTree = BUILT_PRODUCTS_DIR; };
		0F985E2C1F03E1320082C3AA /* WeChatUITests.swift */ = {isa = PBXFileReference; lastKnownFileType = sourcecode.swift; path = WeChatUITests.swift; sourceTree = "<group>"; };
		0F985E2E1F03E1320082C3AA /* Info.plist */ = {isa = PBXFileReference; lastKnownFileType = text.plist.xml; path = Info.plist; sourceTree = "<group>"; };
		0F985E3B1F03E3CF0082C3AA /* ZZTabBarController.swift */ = {isa = PBXFileReference; fileEncoding = 4; lastKnownFileType = sourcecode.swift; path = ZZTabBarController.swift; sourceTree = "<group>"; };
/* End PBXFileReference section */

/* Begin PBXFrameworksBuildPhase section */
		0F985E061F03E1320082C3AA /* Frameworks */ = {
			isa = PBXFrameworksBuildPhase;
			buildActionMask = 2147483647;
			files = (
			);
			runOnlyForDeploymentPostprocessing = 0;
		};
		0F985E1A1F03E1320082C3AA /* Frameworks */ = {
			isa = PBXFrameworksBuildPhase;
			buildActionMask = 2147483647;
			files = (
			);
			runOnlyForDeploymentPostprocessing = 0;
		};
		0F985E251F03E1320082C3AA /* Frameworks */ = {
			isa = PBXFrameworksBuildPhase;
			buildActionMask = 2147483647;
			files = (
			);
			runOnlyForDeploymentPostprocessing = 0;
		};
/* End PBXFrameworksBuildPhase section */

/* Begin PBXGroup section */
		0F985E001F03E1320082C3AA = {
			isa = PBXGroup;
			children = (
				0F985E0B1F03E1320082C3AA /* WeChat */,
				0F985E201F03E1320082C3AA /* WeChatTests */,
				0F985E2B1F03E1320082C3AA /* WeChatUITests */,
				0F985E0A1F03E1320082C3AA /* Products */,
			);
			sourceTree = "<group>";
		};
		0F985E0A1F03E1320082C3AA /* Products */ = {
			isa = PBXGroup;
			children = (
				0F985E091F03E1320082C3AA /* WeChat.app */,
				0F985E1D1F03E1320082C3AA /* WeChatTests.xctest */,
				0F985E281F03E1320082C3AA /* WeChatUITests.xctest */,
			);
			name = Products;
			sourceTree = "<group>";
		};
		0F985E0B1F03E1320082C3AA /* WeChat */ = {
			isa = PBXGroup;
			children = (
				0F985E0C1F03E1320082C3AA /* AppDelegate.swift */,
				0F985E3A1F03E3960082C3AA /* Tabbar */,
				0F985E131F03E1320082C3AA /* Assets.xcassets */,
				0F985E181F03E1320082C3AA /* Info.plist */,
			);
			path = WeChat;
			sourceTree = "<group>";
		};
		0F985E201F03E1320082C3AA /* WeChatTests */ = {
			isa = PBXGroup;
			children = (
				0F985E211F03E1320082C3AA /* WeChatTests.swift */,
				0F985E231F03E1320082C3AA /* Info.plist */,
			);
			path = WeChatTests;
			sourceTree = "<group>";
		};
		0F985E2B1F03E1320082C3AA /* WeChatUITests */ = {
			isa = PBXGroup;
			children = (
				0F985E2C1F03E1320082C3AA /* WeChatUITests.swift */,
				0F985E2E1F03E1320082C3AA /* Info.plist */,
			);
			path = WeChatUITests;
			sourceTree = "<group>";
		};
		0F985E3A1F03E3960082C3AA /* Tabbar */ = {
			isa = PBXGroup;
			children = (
				0F985E3B1F03E3CF0082C3AA /* ZZTabBarController.swift */,
			);
			path = Tabbar;
			sourceTree = "<group>";
		};
/* End PBXGroup section */

/* Begin PBXNativeTarget section */
		0F985E081F03E1320082C3AA /* WeChat */ = {
			isa = PBXNativeTarget;
			buildConfigurationList = 0F985E311F03E1320082C3AA /* Build configuration list for PBXNativeTarget "WeChat" */;
			buildPhases = (
				0F985E051F03E1320082C3AA /* Sources */,
				0F985E061F03E1320082C3AA /* Frameworks */,
				0F985E071F03E1320082C3AA /* Resources */,
			);
			buildRules = (
			);
			dependencies = (
			);
			name = WeChat;
			productName = WeChat;
			productReference = 0F985E091F03E1320082C3AA /* WeChat.app */;
			productType = "com.apple.product-type.application";
		};
		0F985E1C1F03E1320082C3AA /* WeChatTests */ = {
			isa = PBXNativeTarget;
			buildConfigurationList = 0F985E341F03E1320082C3AA /* Build configuration list for PBXNativeTarget "WeChatTests" */;
			buildPhases = (
				0F985E191F03E1320082C3AA /* Sources */,
				0F985E1A1F03E1320082C3AA /* Frameworks */,
				0F985E1B1F03E1320082C3AA /* Resources */,
			);
			buildRules = (
			);
			dependencies = (
				0F985E1F1F03E1320082C3AA /* PBXTargetDependency */,
			);
			name = WeChatTests;
			productName = WeChatTests;
			productReference = 0F985E1D1F03E1320082C3AA /* WeChatTests.xctest */;
			productType = "com.apple.product-type.bundle.unit-test";
		};
		0F985E271F03E1320082C3AA /* WeChatUITests */ = {
			isa = PBXNativeTarget;
			buildConfigurationList = 0F985E371F03E1320082C3AA /* Build configuration list for PBXNativeTarget "WeChatUITests" */;
			buildPhases = (
				0F985E241F03E1320082C3AA /* Sources */,
				0F985E251F03E1320082C3AA /* Frameworks */,
				0F985E261F03E1320082C3AA /* Resources */,
			);
			buildRules = (
			);
			dependencies = (
				0F985E2A1F03E1320082C3AA /* PBXTargetDependency */,
			);
			name = WeChatUITests;
			productName = WeChatUITests;
			productReference = 0F985E281F03E1320082C3AA /* WeChatUITests.xctest */;
			productType = "com.apple.product-type.bundle.ui-testing";
		};
/* End PBXNativeTarget section */

/* Begin PBXProject section */
		0F985E011F03E1320082C3AA /* Project object */ = {
			isa = PBXProject;
			attributes = {
				CLASSPREFIX = ZZ;
				LastSwiftUpdateCheck = 0830;
				LastUpgradeCheck = 0830;
				ORGANIZATIONNAME = "政";
				TargetAttributes = {
					0F985E081F03E1320082C3AA = {
						CreatedOnToolsVersion = 8.3.3;
						DevelopmentTeam = Z9AH4A4F7A;
						ProvisioningStyle = Automatic;
					};
					0F985E1C1F03E1320082C3AA = {
						CreatedOnToolsVersion = 8.3.3;
						DevelopmentTeam = Z9AH4A4F7A;
						ProvisioningStyle = Automatic;
						TestTargetID = 0F985E081F03E1320082C3AA;
					};
					0F985E271F03E1320082C3AA = {
						CreatedOnToolsVersion = 8.3.3;
						DevelopmentTeam = Z9AH4A4F7A;
						ProvisioningStyle = Automatic;
						TestTargetID = 0F985E081F03E1320082C3AA;
					};
				};
			};
			buildConfigurationList = 0F985E041F03E1320082C3AA /* Build configuration list for PBXProject "WeChat" */;
			compatibilityVersion = "Xcode 3.2";
			developmentRegion = English;
			hasScannedForEncodings = 0;
			knownRegions = (
				en,
				Base,
			);
			mainGroup = 0F985E001F03E1320082C3AA;
			productRefGroup = 0F985E0A1F03E1320082C3AA /* Products */;
			projectDirPath = "";
			projectRoot = "";
			targets = (
				0F985E081F03E1320082C3AA /* WeChat */,
				0F985E1C1F03E1320082C3AA /* WeChatTests */,
				0F985E271F03E1320082C3AA /* WeChatUITests */,
			);
		};
/* End PBXProject section */

/* Begin PBXResourcesBuildPhase section */
		0F985E071F03E1320082C3AA /* Resources */ = {
			isa = PBXResourcesBuildPhase;
			buildActionMask = 2147483647;
			files = (
				0F985E141F03E1320082C3AA /* Assets.xcassets in Resources */,
			);
			runOnlyForDeploymentPostprocessing = 0;
		};
		0F985E1B1F03E1320082C3AA /* Resources */ = {
			isa = PBXResourcesBuildPhase;
			buildActionMask = 2147483647;
			files = (
			);
			runOnlyForDeploymentPostprocessing = 0;
		};
		0F985E261F03E1320082C3AA /* Resources */ = {
			isa = PBXResourcesBuildPhase;
			buildActionMask = 2147483647;
			files = (
			);
			runOnlyForDeploymentPostprocessing = 0;
		};
/* End PBXResourcesBuildPhase section */

/* Begin PBXSourcesBuildPhase section */
		0F985E051F03E1320082C3AA /* Sources */ = {
			isa = PBXSourcesBuildPhase;
			buildActionMask = 2147483647;
			files = (
				0F985E0D1F03E1320082C3AA /* AppDelegate.swift in Sources */,
				0F985E3C1F03E3CF0082C3AA /* ZZTabBarController.swift in Sources */,
			);
			runOnlyForDeploymentPostprocessing = 0;
		};
		0F985E191F03E1320082C3AA /* Sources */ = {
			isa = PBXSourcesBuildPhase;
			buildActionMask = 2147483647;
			files = (
				0F985E221F03E1320082C3AA /* WeChatTests.swift in Sources */,
			);
			runOnlyForDeploymentPostprocessing = 0;
		};
		0F985E241F03E1320082C3AA /* Sources */ = {
			isa = PBXSourcesBuildPhase;
			buildActionMask = 2147483647;
			files = (
				0F985E2D1F03E1320082C3AA /* WeChatUITests.swift in Sources */,
			);
			runOnlyForDeploymentPostprocessing = 0;
		};
/* End PBXSourcesBuildPhase section */

/* Begin PBXTargetDependency section */
		0F985E1F1F03E1320082C3AA /* PBXTargetDependency */ = {
			isa = PBXTargetDependency;
			target = 0F985E081F03E1320082C3AA /* WeChat */;
			targetProxy = 0F985E1E1F03E1320082C3AA /* PBXContainerItemProxy */;
		};
		0F985E2A1F03E1320082C3AA /* PBXTargetDependency */ = {
			isa = PBXTargetDependency;
			target = 0F985E081F03E1320082C3AA /* WeChat */;
			targetProxy = 0F985E291F03E1320082C3AA /* PBXContainerItemProxy */;
		};
/* End PBXTargetDependency section */

/* Begin XCBuildConfiguration section */
		0F985E2F1F03E1320082C3AA /* Debug */ = {
			isa = XCBuildConfiguration;
			buildSettings = {
				ALWAYS_SEARCH_USER_PATHS = NO;
				CLANG_ANALYZER_NONNULL = YES;
				CLANG_ANALYZER_NUMBER_OBJECT_CONVERSION = YES_AGGRESSIVE;
				CLANG_CXX_LANGUAGE_STANDARD = "gnu++0x";
				CLANG_CXX_LIBRARY = "libc++";
				CLANG_ENABLE_MODULES = YES;
				CLANG_ENABLE_OBJC_ARC = YES;
				CLANG_WARN_BOOL_CONVERSION = YES;
				CLANG_WARN_CONSTANT_CONVERSION = YES;
				CLANG_WARN_DIRECT_OBJC_ISA_USAGE = YES_ERROR;
				CLANG_WARN_DOCUMENTATION_COMMENTS = YES;
				CLANG_WARN_EMPTY_BODY = YES;
				CLANG_WARN_ENUM_CONVERSION = YES;
				CLANG_WARN_INFINITE_RECURSION = YES;
				CLANG_WARN_INT_CONVERSION = YES;
				CLANG_WARN_OBJC_ROOT_CLASS = YES_ERROR;
				CLANG_WARN_SUSPICIOUS_MOVE = YES;
				CLANG_WARN_UNREACHABLE_CODE = YES;
				CLANG_WARN__DUPLICATE_METHOD_MATCH = YES;
				"CODE_SIGN_IDENTITY[sdk=iphoneos*]" = "iPhone Developer";
				COPY_PHASE_STRIP = NO;
				DEBUG_INFORMATION_FORMAT = dwarf;
				ENABLE_STRICT_OBJC_MSGSEND = YES;
				ENABLE_TESTABILITY = YES;
				GCC_C_LANGUAGE_STANDARD = gnu99;
				GCC_DYNAMIC_NO_PIC = NO;
				GCC_NO_COMMON_BLOCKS = YES;
				GCC_OPTIMIZATION_LEVEL = 0;
				GCC_PREPROCESSOR_DEFINITIONS = (
					"DEBUG=1",
					"$(inherited)",
				);
				GCC_WARN_64_TO_32_BIT_CONVERSION = YES;
				GCC_WARN_ABOUT_RETURN_TYPE = YES_ERROR;
				GCC_WARN_UNDECLARED_SELECTOR = YES;
				GCC_WARN_UNINITIALIZED_AUTOS = YES_AGGRESSIVE;
				GCC_WARN_UNUSED_FUNCTION = YES;
				GCC_WARN_UNUSED_VARIABLE = YES;
				IPHONEOS_DEPLOYMENT_TARGET = 10.3;
				MTL_ENABLE_DEBUG_INFO = YES;
				ONLY_ACTIVE_ARCH = YES;
				SDKROOT = iphoneos;
				SWIFT_ACTIVE_COMPILATION_CONDITIONS = DEBUG;
				SWIFT_OPTIMIZATION_LEVEL = "-Onone";
				TARGETED_DEVICE_FAMILY = "1,2";
			};
			name = Debug;
		};
		0F985E301F03E1320082C3AA /* Release */ = {
			isa = XCBuildConfiguration;
			buildSettings = {
				ALWAYS_SEARCH_USER_PATHS = NO;
				CLANG_ANALYZER_NONNULL = YES;
				CLANG_ANALYZER_NUMBER_OBJECT_CONVERSION = YES_AGGRESSIVE;
				CLANG_CXX_LANGUAGE_STANDARD = "gnu++0x";
				CLANG_CXX_LIBRARY = "libc++";
				CLANG_ENABLE_MODULES = YES;
				CLANG_ENABLE_OBJC_ARC = YES;
				CLANG_WARN_BOOL_CONVERSION = YES;
				CLANG_WARN_CONSTANT_CONVERSION = YES;
				CLANG_WARN_DIRECT_OBJC_ISA_USAGE = YES_ERROR;
				CLANG_WARN_DOCUMENTATION_COMMENTS = YES;
				CLANG_WARN_EMPTY_BODY = YES;
				CLANG_WARN_ENUM_CONVERSION = YES;
				CLANG_WARN_INFINITE_RECURSION = YES;
				CLANG_WARN_INT_CONVERSION = YES;
				CLANG_WARN_OBJC_ROOT_CLASS = YES_ERROR;
				CLANG_WARN_SUSPICIOUS_MOVE = YES;
				CLANG_WARN_UNREACHABLE_CODE = YES;
				CLANG_WARN__DUPLICATE_METHOD_MATCH = YES;
				"CODE_SIGN_IDENTITY[sdk=iphoneos*]" = "iPhone Developer";
				COPY_PHASE_STRIP = NO;
				DEBUG_INFORMATION_FORMAT = "dwarf-with-dsym";
				ENABLE_NS_ASSERTIONS = NO;
				ENABLE_STRICT_OBJC_MSGSEND = YES;
				GCC_C_LANGUAGE_STANDARD = gnu99;
				GCC_NO_COMMON_BLOCKS = YES;
				GCC_WARN_64_TO_32_BIT_CONVERSION = YES;
				GCC_WARN_ABOUT_RETURN_TYPE = YES_ERROR;
				GCC_WARN_UNDECLARED_SELECTOR = YES;
				GCC_WARN_UNINITIALIZED_AUTOS = YES_AGGRESSIVE;
				GCC_WARN_UNUSED_FUNCTION = YES;
				GCC_WARN_UNUSED_VARIABLE = YES;
				IPHONEOS_DEPLOYMENT_TARGET = 10.3;
				MTL_ENABLE_DEBUG_INFO = NO;
				SDKROOT = iphoneos;
				SWIFT_OPTIMIZATION_LEVEL = "-Owholemodule";
				TARGETED_DEVICE_FAMILY = "1,2";
				VALIDATE_PRODUCT = YES;
			};
			name = Release;
		};
		0F985E321F03E1320082C3AA /* Debug */ = {
			isa = XCBuildConfiguration;
			buildSettings = {
				ASSETCATALOG_COMPILER_APPICON_NAME = AppIcon;
				DEVELOPMENT_TEAM = Z9AH4A4F7A;
				INFOPLIST_FILE = WeChat/Info.plist;
				LD_RUNPATH_SEARCH_PATHS = "$(inherited) @executable_path/Frameworks";
				PRODUCT_BUNDLE_IDENTIFIER = ZZ.WeChat;
				PRODUCT_NAME = "$(TARGET_NAME)";
				SWIFT_VERSION = 3.0;
				TARGETED_DEVICE_FAMILY = 1;
			};
			name = Debug;
		};
		0F985E331F03E1320082C3AA /* Release */ = {
			isa = XCBuildConfiguration;
			buildSettings = {
				ASSETCATALOG_COMPILER_APPICON_NAME = AppIcon;
				DEVELOPMENT_TEAM = Z9AH4A4F7A;
				INFOPLIST_FILE = WeChat/Info.plist;
				LD_RUNPATH_SEARCH_PATHS = "$(inherited) @executable_path/Frameworks";
				PRODUCT_BUNDLE_IDENTIFIER = ZZ.WeChat;
				PRODUCT_NAME = "$(TARGET_NAME)";
				SWIFT_VERSION = 3.0;
				TARGETED_DEVICE_FAMILY = 1;
			};
			name = Release;
		};
		0F985E351F03E1320082C3AA /* Debug */ = {
			isa = XCBuildConfiguration;
			buildSettings = {
				ALWAYS_EMBED_SWIFT_STANDARD_LIBRARIES = YES;
				BUNDLE_LOADER = "$(TEST_HOST)";
				DEVELOPMENT_TEAM = Z9AH4A4F7A;
				INFOPLIST_FILE = WeChatTests/Info.plist;
				LD_RUNPATH_SEARCH_PATHS = "$(inherited) @executable_path/Frameworks @loader_path/Frameworks";
				PRODUCT_BUNDLE_IDENTIFIER = ZZ.WeChatTests;
				PRODUCT_NAME = "$(TARGET_NAME)";
				SWIFT_VERSION = 3.0;
				TEST_HOST = "$(BUILT_PRODUCTS_DIR)/WeChat.app/WeChat";
			};
			name = Debug;
		};
		0F985E361F03E1320082C3AA /* Release */ = {
			isa = XCBuildConfiguration;
			buildSettings = {
				ALWAYS_EMBED_SWIFT_STANDARD_LIBRARIES = YES;
				BUNDLE_LOADER = "$(TEST_HOST)";
				DEVELOPMENT_TEAM = Z9AH4A4F7A;
				INFOPLIST_FILE = WeChatTests/Info.plist;
				LD_RUNPATH_SEARCH_PATHS = "$(inherited) @executable_path/Frameworks @loader_path/Frameworks";
				PRODUCT_BUNDLE_IDENTIFIER = ZZ.WeChatTests;
				PRODUCT_NAME = "$(TARGET_NAME)";
				SWIFT_VERSION = 3.0;
				TEST_HOST = "$(BUILT_PRODUCTS_DIR)/WeChat.app/WeChat";
			};
			name = Release;
		};
		0F985E381F03E1320082C3AA /* Debug */ = {
			isa = XCBuildConfiguration;
			buildSettings = {
				ALWAYS_EMBED_SWIFT_STANDARD_LIBRARIES = YES;
				DEVELOPMENT_TEAM = Z9AH4A4F7A;
				INFOPLIST_FILE = WeChatUITests/Info.plist;
				LD_RUNPATH_SEARCH_PATHS = "$(inherited) @executable_path/Frameworks @loader_path/Frameworks";
				PRODUCT_BUNDLE_IDENTIFIER = ZZ.WeChatUITests;
				PRODUCT_NAME = "$(TARGET_NAME)";
				SWIFT_VERSION = 3.0;
				TEST_TARGET_NAME = WeChat;
			};
			name = Debug;
		};
		0F985E391F03E1320082C3AA /* Release */ = {
			isa = XCBuildConfiguration;
			buildSettings = {
				ALWAYS_EMBED_SWIFT_STANDARD_LIBRARIES = YES;
				DEVELOPMENT_TEAM = Z9AH4A4F7A;
				INFOPLIST_FILE = WeChatUITests/Info.plist;
				LD_RUNPATH_SEARCH_PATHS = "$(inherited) @executable_path/Frameworks @loader_path/Frameworks";
				PRODUCT_BUNDLE_IDENTIFIER = ZZ.WeChatUITests;
				PRODUCT_NAME = "$(TARGET_NAME)";
				SWIFT_VERSION = 3.0;
				TEST_TARGET_NAME = WeChat;
			};
			name = Release;
		};
/* End XCBuildConfiguration section */

/* Begin XCConfigurationList section */
		0F985E041F03E1320082C3AA /* Build configuration list for PBXProject "WeChat" */ = {
			isa = XCConfigurationList;
			buildConfigurations = (
				0F985E2F1F03E1320082C3AA /* Debug */,
				0F985E301F03E1320082C3AA /* Release */,
			);
			defaultConfigurationIsVisible = 0;
			defaultConfigurationName = Release;
		};
		0F985E311F03E1320082C3AA /* Build configuration list for PBXNativeTarget "WeChat" */ = {
			isa = XCConfigurationList;
			buildConfigurations = (
				0F985E321F03E1320082C3AA /* Debug */,
				0F985E331F03E1320082C3AA /* Release */,
			);
			defaultConfigurationIsVisible = 0;
		};
		0F985E341F03E1320082C3AA /* Build configuration list for PBXNativeTarget "WeChatTests" */ = {
			isa = XCConfigurationList;
			buildConfigurations = (
				0F985E351F03E1320082C3AA /* Debug */,
				0F985E361F03E1320082C3AA /* Release */,
			);
			defaultConfigurationIsVisible = 0;
		};
		0F985E371F03E1320082C3AA /* Build configuration list for PBXNativeTarget "WeChatUITests" */ = {
			isa = XCConfigurationList;
			buildConfigurations = (
				0F985E381F03E1320082C3AA /* Debug */,
				0F985E391F03E1320082C3AA /* Release */,
			);
			defaultConfigurationIsVisible = 0;
		};
/* End XCConfigurationList section */
	};
	rootObject = 0F985E011F03E1320082C3AA /* Project object */;
}
